
Microsoft Visual Studio Solution File, Format Version 12.00
# Visual Studio Version 16
VisualStudioVersion = 16.0.29609.76
MinimumVisualStudioVersion = 10.0.40219.1
Project("{9A19103F-16F7-4668-BE54-9A1E7A4F7556}") = "Temperatures", "Temperatures\Temperatures.csproj", "{60C770D1-4758-4597-969E-79D5B72BE79E}"
EndProject
Project("{9A19103F-16F7-4668-BE54-9A1E7A4F7556}") = "TemperatureAPI", "TemperatureAPI\TemperatureAPI.csproj", "{9C9B0B5E-FB95-43D8-9CD9-30A21A212876}"
EndProject
Project("{9A19103F-16F7-4668-BE54-9A1E7A4F7556}") = "TemperatureClient", "TemperatureClient\TemperatureClient.csproj", "{10FA2125-6A9D-4845-9823-D41A0E974512}"
EndProject
Global
	GlobalSection(SolutionConfigurationPlatforms) = preSolution
		Debug|Any CPU = Debug|Any CPU
		Release|Any CPU = Release|Any CPU
	EndGlobalSection
	GlobalSection(ProjectConfigurationPlatforms) = postSolution
		{60C770D1-4758-4597-969E-79D5B72BE79E}.Debug|Any CPU.ActiveCfg = Debug|Any CPU
		{60C770D1-4758-4597-969E-79D5B72BE79E}.Debug|Any CPU.Build.0 = Debug|Any CPU
		{60C770D1-4758-4597-969E-79D5B72BE79E}.Release|Any CPU.ActiveCfg = Release|Any CPU
		{60C770D1-4758-4597-969E-79D5B72BE79E}.Release|Any CPU.Build.0 = Release|Any CPU
		{9C9B0B5E-FB95-43D8-9CD9-30A21A212876}.Debug|Any CPU.ActiveCfg = Debug|Any CPU
		{9C9B0B5E-FB95-43D8-9CD9-30A21A212876}.Debug|Any CPU.Build.0 = Debug|Any CPU
		{9C9B0B5E-FB95-43D8-9CD9-30A21A212876}.Release|Any CPU.ActiveCfg = Release|Any CPU
		{9C9B0B5E-FB95-43D8-9CD9-30A21A212876}.Release|Any CPU.Build.0 = Release|Any CPU
		{10FA2125-6A9D-4845-9823-D41A0E974512}.Debug|Any CPU.ActiveCfg = Debug|Any CPU
		{10FA2125-6A9D-4845-9823-D41A0E974512}.Debug|Any CPU.Build.0 = Debug|Any CPU
		{10FA2125-6A9D-4845-9823-D41A0E974512}.Release|Any CPU.ActiveCfg = Release|Any CPU
		{10FA2125-6A9D-4845-9823-D41A0E974512}.Release|Any CPU.Build.0 = Release|Any CPU
	EndGlobalSection
	GlobalSection(SolutionProperties) = preSolution
		HideSolutionNode = FALSE
	EndGlobalSection
	GlobalSection(ExtensibilityGlobals) = postSolution
		SolutionGuid = {F07D8ABB-5908-4E1F-A03A-602A48CC769C}
	EndGlobalSection
EndGlobal
